
Microsoft Visual Studio Solution File, Format Version 12.00
# Visual Studio Version 17
VisualStudioVersion = 17.6.33801.468
MinimumVisualStudioVersion = 10.0.40219.1
Project("{FAE04EC0-301F-11D3-BF4B-00C04F79EFBC}") = "BezelSidenizer", "BezelSidenizer\BezelSidenizer.csproj", "{D87521F5-BE49-4842-91B1-3551DACEB2B7}"
EndProject
Global
	GlobalSection(SolutionConfigurationPlatforms) = preSolution
		Debug|Any CPU = Debug|Any CPU
		Release|Any CPU = Release|Any CPU
	EndGlobalSection
	GlobalSection(ProjectConfigurationPlatforms) = postSolution
		{D87521F5-BE49-4842-91B1-3551DACEB2B7}.Debug|Any CPU.ActiveCfg = Debug|Any CPU
		{D87521F5-BE49-4842-91B1-3551DACEB2B7}.Debug|Any CPU.Build.0 = Debug|Any CPU
		{D87521F5-BE49-4842-91B1-3551DACEB2B7}.Release|Any CPU.ActiveCfg = Release|Any CPU
		{D87521F5-BE49-4842-91B1-3551DACEB2B7}.Release|Any CPU.Build.0 = Release|Any CPU
	EndGlobalSection
	GlobalSection(SolutionProperties) = preSolution
		HideSolutionNode = FALSE
	EndGlobalSection
	GlobalSection(ExtensibilityGlobals) = postSolution
		SolutionGuid = {B6022C66-7F85-4BDA-B919-D2120001F685}
	EndGlobalSection
EndGlobal
